
Microsoft Visual Studio Solution File, Format Version 12.00
# Visual Studio Version 16
VisualStudioVersion = 16.0.31515.178
MinimumVisualStudioVersion = 10.0.40219.1
Project("{9A19103F-16F7-4668-BE54-9A1E7A4F7556}") = "JobTracking", "JobTracking.csproj", "{E3258B9E-1917-4CE8-80E6-04B80C74419B}"
EndProject
Global
	GlobalSection(SolutionConfigurationPlatforms) = preSolution
		Debug|Any CPU = Debug|Any CPU
		Release|Any CPU = Release|Any CPU
	EndGlobalSection
	GlobalSection(ProjectConfigurationPlatforms) = postSolution
		{E3258B9E-1917-4CE8-80E6-04B80C74419B}.Debug|Any CPU.ActiveCfg = Debug|Any CPU
		{E3258B9E-1917-4CE8-80E6-04B80C74419B}.Debug|Any CPU.Build.0 = Debug|Any CPU
		{E3258B9E-1917-4CE8-80E6-04B80C74419B}.Release|Any CPU.ActiveCfg = Release|Any CPU
		{E3258B9E-1917-4CE8-80E6-04B80C74419B}.Release|Any CPU.Build.0 = Release|Any CPU
	EndGlobalSection
	GlobalSection(SolutionProperties) = preSolution
		HideSolutionNode = FALSE
	EndGlobalSection
	GlobalSection(ExtensibilityGlobals) = postSolution
		SolutionGuid = {C361C1F5-56A6-406B-A2D8-467B55C2E13B}
	EndGlobalSection
EndGlobal
